<?xml version="1.0" encoding="utf-8"?>
<Project ToolsVersion="4.0" xmlns="http://schemas.microsoft.com/developer/msbuild/2003">
  <ItemGroup>
    <Filter Include="Source Files">
      <UniqueIdentifier>{4FC737F1-C7A5-4376-A066-2A32D752A2FF}</UniqueIdentifier>
      <Extensions>cpp;c;cc;cxx;c++;cppm;ixx;def;odl;idl;hpj;bat;asm;asmx</Extensions>
    </Filter>
    <Filter Include="Header Files">
      <UniqueIdentifier>{93995380-89BD-4b04-88EB-625FBE52EBFB}</UniqueIdentifier>
      <Extensions>h;hh;hpp;hxx;h++;hm;inl;inc;ipp;xsd</Extensions>
    </Filter>
    <Filter Include="Resource Files">
      <UniqueIdentifier>{67DA6AB6-F800-4c08-8B7A-83BB121AAD01}</UniqueIdentifier>
      <Extensions>rc;ico;cur;bmp;dlg;rc2;rct;bin;rgs;gif;jpg;jpeg;jpe;resx;tiff;tif;png;wav;mfcribbon-ms</Extensions>
    </Filter>
    <Filter Include="Source Files\sha1">
      <UniqueIdentifier>{692237b4-3b9e-464d-b725-97d197aa07ba}</UniqueIdentifier>
    </Filter>
    <Filter Include="Header Files\sha1">
      <UniqueIdentifier>{415c586b-8407-4189-896a-00868689e311}</UniqueIdentifier>
    </Filter>
    <Filter Include="Source Files\md4">
      <UniqueIdentifier>{079c8b6d-e938-4d53-9008-d0d96200147f}</UniqueIdentifier>
    </Filter>
    <Filter Include="Header Files\md4">
      <UniqueIdentifier>{721bfbe7-c308-4200-b2c2-d95b223cd7e4}</UniqueIdentifier>
    </Filter>
  </ItemGroup>
  <ItemGroup>
    <ClCompile Include="set1.cpp">
      <Filter>Source Files</Filter>
    </ClCompile>
    <ClCompile Include="hextobase64.cpp">
      <Filter>Source Files</Filter>
    </ClCompile>
    <ClCompile Include="utils.cpp">
      <Filter>Source Files</Filter>
    </ClCompile>
    <ClCompile Include="set2.cpp">
      <Filter>Source Files</Filter>
    </ClCompile>
    <ClCompile Include="_main.cpp">
      <Filter>Source Files</Filter>
    </ClCompile>
    <ClCompile Include="set3.cpp">
      <Filter>Source Files</Filter>
    </ClCompile>
    <ClCompile Include="aes_helper.cpp">
      <Filter>Source Files</Filter>
    </ClCompile>
    <ClCompile Include="tests.cpp">
      <Filter>Source Files</Filter>
    </ClCompile>
    <ClCompile Include="mt19937.cpp">
      <Filter>Source Files</Filter>
    </ClCompile>
    <ClCompile Include="set4.cpp">
      <Filter>Source Files</Filter>
    </ClCompile>
    <ClCompile Include="sha1\sha1.c">
      <Filter>Source Files\sha1</Filter>
    </ClCompile>
    <ClCompile Include="md4\md4.c">
      <Filter>Source Files\md4</Filter>
    </ClCompile>
    <ClCompile Include="tcpcom.cpp">
      <Filter>Source Files</Filter>
    </ClCompile>
  </ItemGroup>
  <ItemGroup>
    <ClInclude Include="hextobase64.h">
      <Filter>Header Files</Filter>
    </ClInclude>
    <ClInclude Include="utils.h">
      <Filter>Header Files</Filter>
    </ClInclude>
    <ClInclude Include="aes_helper.h">
      <Filter>Header Files</Filter>
    </ClInclude>
    <ClInclude Include="mt19937.h">
      <Filter>Header Files</Filter>
    </ClInclude>
    <ClInclude Include="sha1\sha1.h">
      <Filter>Header Files\sha1</Filter>
    </ClInclude>
    <ClInclude Include="md4\md4.h">
      <Filter>Header Files\md4</Filter>
    </ClInclude>
    <ClInclude Include="tcpcom.h">
      <Filter>Header Files</Filter>
    </ClInclude>
  </ItemGroup>
  <ItemGroup>
    <Text Include="challenge4.txt">
      <Filter>Resource Files</Filter>
    </Text>
    <Text Include="challenge6.txt">
      <Filter>Resource Files</Filter>
    </Text>
    <Text Include="challenge7.txt">
      <Filter>Resource Files</Filter>
    </Text>
    <Text Include="challenge8.txt">
      <Filter>Resource Files</Filter>
    </Text>
    <Text Include="challenge10.txt">
      <Filter>Resource Files</Filter>
    </Text>
    <Text Include="challenge19.txt">
      <Filter>Resource Files</Filter>
    </Text>
    <Text Include="challenge20.txt">
      <Filter>Resource Files</Filter>
    </Text>
    <Text Include="challenge25a.txt">
      <Filter>Resource Files</Filter>
    </Text>
  </ItemGroup>
  <ItemGroup>
    <None Include="README.md">
      <Filter>Resource Files</Filter>
    </None>
    <None Include=".gitattributes">
      <Filter>Resource Files</Filter>
    </None>
    <None Include=".gitignore">
      <Filter>Resource Files</Filter>
    </None>
  </ItemGroup>
</Project>